// !$*UTF8*$!
{
	archiveVersion = 1;
	classes = {
	};
	objectVersion = 50;
	objects = {

/* Begin PBXBuildFile section */
		7E6F18F7240E7416004CB333 /* AppDelegate.swift in Sources */ = {isa = PBXBuildFile; fileRef = 7E6F18F6240E7416004CB333 /* AppDelegate.swift */; };
		7E6F18F9240E7416004CB333 /* SceneDelegate.swift in Sources */ = {isa = PBXBuildFile; fileRef = 7E6F18F8240E7416004CB333 /* SceneDelegate.swift */; };
		7E6F18FB240E7416004CB333 /* ViewController.swift in Sources */ = {isa = PBXBuildFile; fileRef = 7E6F18FA240E7416004CB333 /* ViewController.swift */; };
		7E6F18FE240E7416004CB333 /* Main.storyboard in Resources */ = {isa = PBXBuildFile; fileRef = 7E6F18FC240E7416004CB333 /* Main.storyboard */; };
		7E6F1900240E7417004CB333 /* Assets.xcassets in Resources */ = {isa = PBXBuildFile; fileRef = 7E6F18FF240E7417004CB333 /* Assets.xcassets */; };
		7E6F1903240E7417004CB333 /* LaunchScreen.storyboard in Resources */ = {isa = PBXBuildFile; fileRef = 7E6F1901240E7417004CB333 /* LaunchScreen.storyboard */; };
		7E6F1915240ED158004CB333 /* API.swift in Sources */ = {isa = PBXBuildFile; fileRef = 7E6F1914240ED158004CB333 /* API.swift */; };
		EE7122879C8708C61522167C /* Pods_MVPSwiftAPI.framework in Frameworks */ = {isa = PBXBuildFile; fileRef = 5D80C78DFD1ADF23308375D9 /* Pods_MVPSwiftAPI.framework */; };
/* End PBXBuildFile section */

/* Begin PBXFileReference section */
		5D80C78DFD1ADF23308375D9 /* Pods_MVPSwiftAPI.framework */ = {isa = PBXFileReference; explicitFileType = wrapper.framework; includeInIndex = 0; path = Pods_MVPSwiftAPI.framework; sourceTree = BUILT_PRODUCTS_DIR; };
		7E6F18F3240E7416004CB333 /* MVPSwiftAPI.app */ = {isa = PBXFileReference; explicitFileType = wrapper.application; includeInIndex = 0; path = MVPSwiftAPI.app; sourceTree = BUILT_PRODUCTS_DIR; };
		7E6F18F6240E7416004CB333 /* AppDelegate.swift */ = {isa = PBXFileReference; lastKnownFileType = sourcecode.swift; path = AppDelegate.swift; sourceTree = "<group>"; };
		7E6F18F8240E7416004CB333 /* SceneDelegate.swift */ = {isa = PBXFileReference; lastKnownFileType = sourcecode.swift; path = SceneDelegate.swift; sourceTree = "<group>"; };
		7E6F18FA240E7416004CB333 /* ViewController.swift */ = {isa = PBXFileReference; lastKnownFileType = sourcecode.swift; path = ViewController.swift; sourceTree = "<group>"; };
		7E6F18FD240E7416004CB333 /* Base */ = {isa = PBXFileReference; lastKnownFileType = file.storyboard; name = Base; path = Base.lproj/Main.storyboard; sourceTree = "<group>"; };
		7E6F18FF240E7417004CB333 /* Assets.xcassets */ = {isa = PBXFileReference; lastKnownFileType = folder.assetcatalog; path = Assets.xcassets; sourceTree = "<group>"; };
		7E6F1902240E7417004CB333 /* Base */ = {isa = PBXFileReference; lastKnownFileType = file.storyboard; name = Base; path = Base.lproj/LaunchScreen.storyboard; sourceTree = "<group>"; };
		7E6F1904240E7417004CB333 /* Info.plist */ = {isa = PBXFileReference; lastKnownFileType = text.plist.xml; path = Info.plist; sourceTree = "<group>"; };
		7E6F1914240ED158004CB333 /* API.swift */ = {isa = PBXFileReference; fileEncoding = 4; lastKnownFileType = sourcecode.swift; path = API.swift; sourceTree = "<group>"; };
		BD6F8A64C7D8C1FE88F0888D /* Pods-MVPSwiftAPI.debug.xcconfig */ = {isa = PBXFileReference; includeInIndex = 1; lastKnownFileType = text.xcconfig; name = "Pods-MVPSwiftAPI.debug.xcconfig"; path = "Target Support Files/Pods-MVPSwiftAPI/Pods-MVPSwiftAPI.debug.xcconfig"; sourceTree = "<group>"; };
		F5B03A14A7153C43439CFFE1 /* Pods-MVPSwiftAPI.release.xcconfig */ = {isa = PBXFileReference; includeInIndex = 1; lastKnownFileType = text.xcconfig; name = "Pods-MVPSwiftAPI.release.xcconfig"; path = "Target Support Files/Pods-MVPSwiftAPI/Pods-MVPSwiftAPI.release.xcconfig"; sourceTree = "<group>"; };
/* End PBXFileReference section */

/* Begin PBXFrameworksBuildPhase section */
		7E6F18F0240E7416004CB333 /* Frameworks */ = {
			isa = PBXFrameworksBuildPhase;
			buildActionMask = 2147483647;
			files = (
				EE7122879C8708C61522167C /* Pods_MVPSwiftAPI.framework in Frameworks */,
			);
			runOnlyForDeploymentPostprocessing = 0;
		};
/* End PBXFrameworksBuildPhase section */

/* Begin PBXGroup section */
		7E6F18EA240E7416004CB333 = {
			isa = PBXGroup;
			children = (
				7E6F1913240ED115004CB333 /* NetworkLayer */,
				7E6F1912240ED0D7004CB333 /* Scenes */,
				7E6F190D240E75F6004CB333 /* AppDelegates */,
				7E6F190C240E75DC004CB333 /* Resources */,
				7E6F190B240E757A004CB333 /* Configuration */,
				7E6F190A240E752F004CB333 /* Storyboards */,
				7E6F18F5240E7416004CB333 /* MVPSwiftAPI */,
				7E6F18F4240E7416004CB333 /* Products */,
				98907F284A023EAC2FF5E656 /* Pods */,
				F22D20031CFAB96CE44E7154 /* Frameworks */,
			);
			sourceTree = "<group>";
		};
		7E6F18F4240E7416004CB333 /* Products */ = {
			isa = PBXGroup;
			children = (
				7E6F18F3240E7416004CB333 /* MVPSwiftAPI.app */,
			);
			name = Products;
			sourceTree = "<group>";
		};
		7E6F18F5240E7416004CB333 /* MVPSwiftAPI */ = {
			isa = PBXGroup;
			children = (
			);
			path = MVPSwiftAPI;
			sourceTree = "<group>";
		};
		7E6F190A240E752F004CB333 /* Storyboards */ = {
			isa = PBXGroup;
			children = (
				7E6F18FC240E7416004CB333 /* Main.storyboard */,
				7E6F1901240E7417004CB333 /* LaunchScreen.storyboard */,
			);
			path = Storyboards;
			sourceTree = "<group>";
		};
		7E6F190B240E757A004CB333 /* Configuration */ = {
			isa = PBXGroup;
			children = (
				7E6F1904240E7417004CB333 /* Info.plist */,
			);
			path = Configuration;
			sourceTree = "<group>";
		};
		7E6F190C240E75DC004CB333 /* Resources */ = {
			isa = PBXGroup;
			children = (
				7E6F18FF240E7417004CB333 /* Assets.xcassets */,
			);
			path = Resources;
			sourceTree = "<group>";
		};
		7E6F190D240E75F6004CB333 /* AppDelegates */ = {
			isa = PBXGroup;
			children = (
				7E6F18F6240E7416004CB333 /* AppDelegate.swift */,
				7E6F18F8240E7416004CB333 /* SceneDelegate.swift */,
			);
			path = AppDelegates;
			sourceTree = "<group>";
		};
		7E6F1912240ED0D7004CB333 /* Scenes */ = {
			isa = PBXGroup;
			children = (
				7E6F18FA240E7416004CB333 /* ViewController.swift */,
			);
			path = Scenes;
			sourceTree = "<group>";
		};
		7E6F1913240ED115004CB333 /* NetworkLayer */ = {
			isa = PBXGroup;
			children = (
				7E6F1914240ED158004CB333 /* API.swift */,
			);
			path = NetworkLayer;
			sourceTree = "<group>";
		};
		98907F284A023EAC2FF5E656 /* Pods */ = {
			isa = PBXGroup;
			children = (
				BD6F8A64C7D8C1FE88F0888D /* Pods-MVPSwiftAPI.debug.xcconfig */,
				F5B03A14A7153C43439CFFE1 /* Pods-MVPSwiftAPI.release.xcconfig */,
			);
			name = Pods;
			path = Pods;
			sourceTree = "<group>";
		};
		F22D20031CFAB96CE44E7154 /* Frameworks */ = {
			isa = PBXGroup;
			children = (
				5D80C78DFD1ADF23308375D9 /* Pods_MVPSwiftAPI.framework */,
			);
			name = Frameworks;
			sourceTree = "<group>";
		};
/* End PBXGroup section */

/* Begin PBXNativeTarget section */
		7E6F18F2240E7416004CB333 /* MVPSwiftAPI */ = {
			isa = PBXNativeTarget;
			buildConfigurationList = 7E6F1907240E7417004CB333 /* Build configuration list for PBXNativeTarget "MVPSwiftAPI" */;
			buildPhases = (
				E96CCBB00C8F1765E5349FD2 /* [CP] Check Pods Manifest.lock */,
				7E6F18EF240E7416004CB333 /* Sources */,
				7E6F18F0240E7416004CB333 /* Frameworks */,
				7E6F18F1240E7416004CB333 /* Resources */,
				DB7695B7E710468784684F3B /* [CP] Embed Pods Frameworks */,
			);
			buildRules = (
			);
			dependencies = (
			);
			name = MVPSwiftAPI;
			productName = MVPSwiftAPI;
			productReference = 7E6F18F3240E7416004CB333 /* MVPSwiftAPI.app */;
			productType = "com.apple.product-type.application";
		};
/* End PBXNativeTarget section */

/* Begin PBXProject section */
		7E6F18EB240E7416004CB333 /* Project object */ = {
			isa = PBXProject;
			attributes = {
				LastSwiftUpdateCheck = 1110;
				LastUpgradeCheck = 1110;
				ORGANIZATIONNAME = TolBA;
				TargetAttributes = {
					7E6F18F2240E7416004CB333 = {
						CreatedOnToolsVersion = 11.1;
					};
				};
			};
			buildConfigurationList = 7E6F18EE240E7416004CB333 /* Build configuration list for PBXProject "MVPSwiftAPI" */;
			compatibilityVersion = "Xcode 9.3";
			developmentRegion = en;
			hasScannedForEncodings = 0;
			knownRegions = (
				en,
				Base,
			);
			mainGroup = 7E6F18EA240E7416004CB333;
			productRefGroup = 7E6F18F4240E7416004CB333 /* Products */;
			projectDirPath = "";
			projectRoot = "";
			targets = (
				7E6F18F2240E7416004CB333 /* MVPSwiftAPI */,
			);
		};
/* End PBXProject section */

/* Begin PBXResourcesBuildPhase section */
		7E6F18F1240E7416004CB333 /* Resources */ = {
			isa = PBXResourcesBuildPhase;
			buildActionMask = 2147483647;
			files = (
				7E6F1903240E7417004CB333 /* LaunchScreen.storyboard in Resources */,
				7E6F1900240E7417004CB333 /* Assets.xcassets in Resources */,
				7E6F18FE240E7416004CB333 /* Main.storyboard in Resources */,
			);
			runOnlyForDeploymentPostprocessing = 0;
		};
/* End PBXResourcesBuildPhase section */

/* Begin PBXShellScriptBuildPhase section */
		DB7695B7E710468784684F3B /* [CP] Embed Pods Frameworks */ = {
			isa = PBXShellScriptBuildPhase;
			buildActionMask = 2147483647;
			files = (
			);
			inputFileListPaths = (
				"${PODS_ROOT}/Target Support Files/Pods-MVPSwiftAPI/Pods-MVPSwiftAPI-frameworks-${CONFIGURATION}-input-files.xcfilelist",
			);
			name = "[CP] Embed Pods Frameworks";
			outputFileListPaths = (
				"${PODS_ROOT}/Target Support Files/Pods-MVPSwiftAPI/Pods-MVPSwiftAPI-frameworks-${CONFIGURATION}-output-files.xcfilelist",
			);
			runOnlyForDeploymentPostprocessing = 0;
			shellPath = /bin/sh;
			shellScript = "\"${PODS_ROOT}/Target Support Files/Pods-MVPSwiftAPI/Pods-MVPSwiftAPI-frameworks.sh\"\n";
			showEnvVarsInLog = 0;
		};
		E96CCBB00C8F1765E5349FD2 /* [CP] Check Pods Manifest.lock */ = {
			isa = PBXShellScriptBuildPhase;
			buildActionMask = 2147483647;
			files = (
			);
			inputFileListPaths = (
			);
			inputPaths = (
				"${PODS_PODFILE_DIR_PATH}/Podfile.lock",
				"${PODS_ROOT}/Manifest.lock",
			);
			name = "[CP] Check Pods Manifest.lock";
			outputFileListPaths = (
			);
			outputPaths = (
				"$(DERIVED_FILE_DIR)/Pods-MVPSwiftAPI-checkManifestLockResult.txt",
			);
			runOnlyForDeploymentPostprocessing = 0;
			shellPath = /bin/sh;
			shellScript = "diff \"${PODS_PODFILE_DIR_PATH}/Podfile.lock\" \"${PODS_ROOT}/Manifest.lock\" > /dev/null\nif [ $? != 0 ] ; then\n    # print error to STDERR\n    echo \"error: The sandbox is not in sync with the Podfile.lock. Run 'pod install' or update your CocoaPods installation.\" >&2\n    exit 1\nfi\n# This output is used by Xcode 'outputs' to avoid re-running this script phase.\necho \"SUCCESS\" > \"${SCRIPT_OUTPUT_FILE_0}\"\n";
			showEnvVarsInLog = 0;
		};
/* End PBXShellScriptBuildPhase section */

/* Begin PBXSourcesBuildPhase section */
		7E6F18EF240E7416004CB333 /* Sources */ = {
			isa = PBXSourcesBuildPhase;
			buildActionMask = 2147483647;
			files = (
				7E6F18FB240E7416004CB333 /* ViewController.swift in Sources */,
				7E6F18F7240E7416004CB333 /* AppDelegate.swift in Sources */,
				7E6F1915240ED158004CB333 /* API.swift in Sources */,
				7E6F18F9240E7416004CB333 /* SceneDelegate.swift in Sources */,
			);
			runOnlyForDeploymentPostprocessing = 0;
		};
/* End PBXSourcesBuildPhase section */

/* Begin PBXVariantGroup section */
		7E6F18FC240E7416004CB333 /* Main.storyboard */ = {
			isa = PBXVariantGroup;
			children = (
				7E6F18FD240E7416004CB333 /* Base */,
			);
			name = Main.storyboard;
			sourceTree = "<group>";
		};
		7E6F1901240E7417004CB333 /* LaunchScreen.storyboard */ = {
			isa = PBXVariantGroup;
			children = (
				7E6F1902240E7417004CB333 /* Base */,
			);
			name = LaunchScreen.storyboard;
			sourceTree = "<group>";
		};
/* End PBXVariantGroup section */

/* Begin XCBuildConfiguration section */
		7E6F1905240E7417004CB333 /* Debug */ = {
			isa = XCBuildConfiguration;
			buildSettings = {
				ALWAYS_SEARCH_USER_PATHS = NO;
				CLANG_ANALYZER_NONNULL = YES;
				CLANG_ANALYZER_NUMBER_OBJECT_CONVERSION = YES_AGGRESSIVE;
				CLANG_CXX_LANGUAGE_STANDARD = "gnu++14";
				CLANG_CXX_LIBRARY = "libc++";
				CLANG_ENABLE_MODULES = YES;
				CLANG_ENABLE_OBJC_ARC = YES;
				CLANG_ENABLE_OBJC_WEAK = YES;
				CLANG_WARN_BLOCK_CAPTURE_AUTORELEASING = YES;
				CLANG_WARN_BOOL_CONVERSION = YES;
				CLANG_WARN_COMMA = YES;
				CLANG_WARN_CONSTANT_CONVERSION = YES;
				CLANG_WARN_DEPRECATED_OBJC_IMPLEMENTATIONS = YES;
				CLANG_WARN_DIRECT_OBJC_ISA_USAGE = YES_ERROR;
				CLANG_WARN_DOCUMENTATION_COMMENTS = YES;
				CLANG_WARN_EMPTY_BODY = YES;
				CLANG_WARN_ENUM_CONVERSION = YES;
				CLANG_WARN_INFINITE_RECURSION = YES;
				CLANG_WARN_INT_CONVERSION = YES;
				CLANG_WARN_NON_LITERAL_NULL_CONVERSION = YES;
				CLANG_WARN_OBJC_IMPLICIT_RETAIN_SELF = YES;
				CLANG_WARN_OBJC_LITERAL_CONVERSION = YES;
				CLANG_WARN_OBJC_ROOT_CLASS = YES_ERROR;
				CLANG_WARN_RANGE_LOOP_ANALYSIS = YES;
				CLANG_WARN_STRICT_PROTOTYPES = YES;
				CLANG_WARN_SUSPICIOUS_MOVE = YES;
				CLANG_WARN_UNGUARDED_AVAILABILITY = YES_AGGRESSIVE;
				CLANG_WARN_UNREACHABLE_CODE = YES;
				CLANG_WARN__DUPLICATE_METHOD_MATCH = YES;
				COPY_PHASE_STRIP = NO;
				DEBUG_INFORMATION_FORMAT = dwarf;
				ENABLE_STRICT_OBJC_MSGSEND = YES;
				ENABLE_TESTABILITY = YES;
				GCC_C_LANGUAGE_STANDARD = gnu11;
				GCC_DYNAMIC_NO_PIC = NO;
				GCC_NO_COMMON_BLOCKS = YES;
				GCC_OPTIMIZATION_LEVEL = 0;
				GCC_PREPROCESSOR_DEFINITIONS = (
					"DEBUG=1",
					"$(inherited)",
				);
				GCC_WARN_64_TO_32_BIT_CONVERSION = YES;
				GCC_WARN_ABOUT_RETURN_TYPE = YES_ERROR;
				GCC_WARN_UNDECLARED_SELECTOR = YES;
				GCC_WARN_UNINITIALIZED_AUTOS = YES_AGGRESSIVE;
				GCC_WARN_UNUSED_FUNCTION = YES;
				GCC_WARN_UNUSED_VARIABLE = YES;
				IPHONEOS_DEPLOYMENT_TARGET = 13.1;
				MTL_ENABLE_DEBUG_INFO = INCLUDE_SOURCE;
				MTL_FAST_MATH = YES;
				ONLY_ACTIVE_ARCH = YES;
				SDKROOT = iphoneos;
				SWIFT_ACTIVE_COMPILATION_CONDITIONS = DEBUG;
				SWIFT_OPTIMIZATION_LEVEL = "-Onone";
			};
			name = Debug;
		};
		7E6F1906240E7417004CB333 /* Release */ = {
			isa = XCBuildConfiguration;
			buildSettings = {
				ALWAYS_SEARCH_USER_PATHS = NO;
				CLANG_ANALYZER_NONNULL = YES;
				CLANG_ANALYZER_NUMBER_OBJECT_CONVERSION = YES_AGGRESSIVE;
				CLANG_CXX_LANGUAGE_STANDARD = "gnu++14";
				CLANG_CXX_LIBRARY = "libc++";
				CLANG_ENABLE_MODULES = YES;
				CLANG_ENABLE_OBJC_ARC = YES;
				CLANG_ENABLE_OBJC_WEAK = YES;
				CLANG_WARN_BLOCK_CAPTURE_AUTORELEASING = YES;
				CLANG_WARN_BOOL_CONVERSION = YES;
				CLANG_WARN_COMMA = YES;
				CLANG_WARN_CONSTANT_CONVERSION = YES;
				CLANG_WARN_DEPRECATED_OBJC_IMPLEMENTATIONS = YES;
				CLANG_WARN_DIRECT_OBJC_ISA_USAGE = YES_ERROR;
				CLANG_WARN_DOCUMENTATION_COMMENTS = YES;
				CLANG_WARN_EMPTY_BODY = YES;
				CLANG_WARN_ENUM_CONVERSION = YES;
				CLANG_WARN_INFINITE_RECURSION = YES;
				CLANG_WARN_INT_CONVERSION = YES;
				CLANG_WARN_NON_LITERAL_NULL_CONVERSION = YES;
				CLANG_WARN_OBJC_IMPLICIT_RETAIN_SELF = YES;
				CLANG_WARN_OBJC_LITERAL_CONVERSION = YES;
				CLANG_WARN_OBJC_ROOT_CLASS = YES_ERROR;
				CLANG_WARN_RANGE_LOOP_ANALYSIS = YES;
				CLANG_WARN_STRICT_PROTOTYPES = YES;
				CLANG_WARN_SUSPICIOUS_MOVE = YES;
				CLANG_WARN_UNGUARDED_AVAILABILITY = YES_AGGRESSIVE;
				CLANG_WARN_UNREACHABLE_CODE = YES;
				CLANG_WARN__DUPLICATE_METHOD_MATCH = YES;
				COPY_PHASE_STRIP = NO;
				DEBUG_INFORMATION_FORMAT = "dwarf-with-dsym";
				ENABLE_NS_ASSERTIONS = NO;
				ENABLE_STRICT_OBJC_MSGSEND = YES;
				GCC_C_LANGUAGE_STANDARD = gnu11;
				GCC_NO_COMMON_BLOCKS = YES;
				GCC_WARN_64_TO_32_BIT_CONVERSION = YES;
				GCC_WARN_ABOUT_RETURN_TYPE = YES_ERROR;
				GCC_WARN_UNDECLARED_SELECTOR = YES;
				GCC_WARN_UNINITIALIZED_AUTOS = YES_AGGRESSIVE;
				GCC_WARN_UNUSED_FUNCTION = YES;
				GCC_WARN_UNUSED_VARIABLE = YES;
				IPHONEOS_DEPLOYMENT_TARGET = 13.1;
				MTL_ENABLE_DEBUG_INFO = NO;
				MTL_FAST_MATH = YES;
				SDKROOT = iphoneos;
				SWIFT_COMPILATION_MODE = wholemodule;
				SWIFT_OPTIMIZATION_LEVEL = "-O";
				VALIDATE_PRODUCT = YES;
			};
			name = Release;
		};
		7E6F1908240E7417004CB333 /* Debug */ = {
			isa = XCBuildConfiguration;
			baseConfigurationReference = BD6F8A64C7D8C1FE88F0888D /* Pods-MVPSwiftAPI.debug.xcconfig */;
			buildSettings = {
				ASSETCATALOG_COMPILER_APPICON_NAME = AppIcon;
				CODE_SIGN_STYLE = Automatic;
				INFOPLIST_FILE = Configuration/Info.plist;
				LD_RUNPATH_SEARCH_PATHS = (
					"$(inherited)",
					"@executable_path/Frameworks",
				);
				PRODUCT_BUNDLE_IDENTIFIER = Tolba.MVPSwiftAPI;
				PRODUCT_NAME = "$(TARGET_NAME)";
				SWIFT_VERSION = 5.0;
				TARGETED_DEVICE_FAMILY = "1,2";
			};
			name = Debug;
		};
		7E6F1909240E7417004CB333 /* Release */ = {
			isa = XCBuildConfiguration;
			baseConfigurationReference = F5B03A14A7153C43439CFFE1 /* Pods-MVPSwiftAPI.release.xcconfig */;
			buildSettings = {
				ASSETCATALOG_COMPILER_APPICON_NAME = AppIcon;
				CODE_SIGN_STYLE = Automatic;
				INFOPLIST_FILE = Configuration/Info.plist;
				LD_RUNPATH_SEARCH_PATHS = (
					"$(inherited)",
					"@executable_path/Frameworks",
				);
				PRODUCT_BUNDLE_IDENTIFIER = Tolba.MVPSwiftAPI;
				PRODUCT_NAME = "$(TARGET_NAME)";
				SWIFT_VERSION = 5.0;
				TARGETED_DEVICE_FAMILY = "1,2";
			};
			name = Release;
		};
/* End XCBuildConfiguration section */

/* Begin XCConfigurationList section */
		7E6F18EE240E7416004CB333 /* Build configuration list for PBXProject "MVPSwiftAPI" */ = {
			isa = XCConfigurationList;
			buildConfigurations = (
				7E6F1905240E7417004CB333 /* Debug */,
				7E6F1906240E7417004CB333 /* Release */,
			);
			defaultConfigurationIsVisible = 0;
			defaultConfigurationName = Release;
		};
		7E6F1907240E7417004CB333 /* Build configuration list for PBXNativeTarget "MVPSwiftAPI" */ = {
			isa = XCConfigurationList;
			buildConfigurations = (
				7E6F1908240E7417004CB333 /* Debug */,
				7E6F1909240E7417004CB333 /* Release */,
			);
			defaultConfigurationIsVisible = 0;
			defaultConfigurationName = Release;
		};
/* End XCConfigurationList section */
	};
	rootObject = 7E6F18EB240E7416004CB333 /* Project object */;
}
